
Microsoft Visual Studio Solution File, Format Version 12.00
# Visual Studio 15
VisualStudioVersion = 15.0.33529.398
MinimumVisualStudioVersion = 10.0.40219.1
Project("{FAE04EC0-301F-11D3-BF4B-00C04F79EFBC}") = "DataConverter", "DataConverter\DataConverter.csproj", "{CC037DD0-8D39-412A-B874-5762D8A02D4C}"
EndProject
Global
	GlobalSection(SolutionConfigurationPlatforms) = preSolution
		Debug|Any CPU = Debug|Any CPU
		Debug|Mixed Platforms = Debug|Mixed Platforms
		Debug|x86 = Debug|x86
		Release|Any CPU = Release|Any CPU
		Release|Mixed Platforms = Release|Mixed Platforms
		Release|x86 = Release|x86
	EndGlobalSection
	GlobalSection(ProjectConfigurationPlatforms) = postSolution
		{CC037DD0-8D39-412A-B874-5762D8A02D4C}.Debug|Any CPU.ActiveCfg = Debug|Any CPU
		{CC037DD0-8D39-412A-B874-5762D8A02D4C}.Debug|Any CPU.Build.0 = Debug|Any CPU
		{CC037DD0-8D39-412A-B874-5762D8A02D4C}.Debug|Mixed Platforms.ActiveCfg = Debug|Any CPU
		{CC037DD0-8D39-412A-B874-5762D8A02D4C}.Debug|Mixed Platforms.Build.0 = Debug|Any CPU
		{CC037DD0-8D39-412A-B874-5762D8A02D4C}.Debug|x86.ActiveCfg = Debug|Any CPU
		{CC037DD0-8D39-412A-B874-5762D8A02D4C}.Release|Any CPU.ActiveCfg = Release|Any CPU
		{CC037DD0-8D39-412A-B874-5762D8A02D4C}.Release|Any CPU.Build.0 = Release|Any CPU
		{CC037DD0-8D39-412A-B874-5762D8A02D4C}.Release|Mixed Platforms.ActiveCfg = Release|Any CPU
		{CC037DD0-8D39-412A-B874-5762D8A02D4C}.Release|Mixed Platforms.Build.0 = Release|Any CPU
		{CC037DD0-8D39-412A-B874-5762D8A02D4C}.Release|x86.ActiveCfg = Release|Any CPU
	EndGlobalSection
	GlobalSection(SolutionProperties) = preSolution
		HideSolutionNode = FALSE
	EndGlobalSection
	GlobalSection(ExtensibilityGlobals) = postSolution
		SolutionGuid = {2C94A4A5-E376-4FA7-8FA6-7958AE5A9CA0}
	EndGlobalSection
EndGlobal
