
Microsoft Visual Studio Solution File, Format Version 12.00
# Visual Studio Version 17
VisualStudioVersion = 17.9.34607.119
MinimumVisualStudioVersion = 10.0.40219.1
Project("{FAE04EC0-301F-11D3-BF4B-00C04F79EFBC}") = "Data Translation Maui Library", "Data Translation Maui Library.csproj", "{B382F06E-26AF-4707-B8A2-C7AAC8CB54C1}"
EndProject
Global
	GlobalSection(SolutionConfigurationPlatforms) = preSolution
		Debug|Any CPU = Debug|Any CPU
		Release|Any CPU = Release|Any CPU
	EndGlobalSection
	GlobalSection(ProjectConfigurationPlatforms) = postSolution
		{B382F06E-26AF-4707-B8A2-C7AAC8CB54C1}.Debug|Any CPU.ActiveCfg = Debug|Any CPU
		{B382F06E-26AF-4707-B8A2-C7AAC8CB54C1}.Debug|Any CPU.Build.0 = Debug|Any CPU
		{B382F06E-26AF-4707-B8A2-C7AAC8CB54C1}.Release|Any CPU.ActiveCfg = Release|Any CPU
		{B382F06E-26AF-4707-B8A2-C7AAC8CB54C1}.Release|Any CPU.Build.0 = Release|Any CPU
	EndGlobalSection
	GlobalSection(SolutionProperties) = preSolution
		HideSolutionNode = FALSE
	EndGlobalSection
	GlobalSection(ExtensibilityGlobals) = postSolution
		SolutionGuid = {6BB39E71-25BC-4A55-909D-02BDAB098A08}
	EndGlobalSection
EndGlobal
